
Microsoft Visual Studio Solution File, Format Version 12.00
# Visual Studio Version 17
VisualStudioVersion = 17.3.32929.385
MinimumVisualStudioVersion = 10.0.40219.1
Project("{54A90642-561A-4BB1-A94E-469ADEE60C69}") = "goodReads3", "goodReads3.esproj", "{FF8E5676-E5B4-4F88-B456-5B7156181A36}"
EndProject
Global
	GlobalSection(SolutionConfigurationPlatforms) = preSolution
		Debug|Any CPU = Debug|Any CPU
		Release|Any CPU = Release|Any CPU
	EndGlobalSection
	GlobalSection(ProjectConfigurationPlatforms) = postSolution
		{FF8E5676-E5B4-4F88-B456-5B7156181A36}.Debug|Any CPU.ActiveCfg = Debug|Any CPU
		{FF8E5676-E5B4-4F88-B456-5B7156181A36}.Debug|Any CPU.Build.0 = Debug|Any CPU
		{FF8E5676-E5B4-4F88-B456-5B7156181A36}.Debug|Any CPU.Deploy.0 = Debug|Any CPU
		{FF8E5676-E5B4-4F88-B456-5B7156181A36}.Release|Any CPU.ActiveCfg = Release|Any CPU
		{FF8E5676-E5B4-4F88-B456-5B7156181A36}.Release|Any CPU.Build.0 = Release|Any CPU
		{FF8E5676-E5B4-4F88-B456-5B7156181A36}.Release|Any CPU.Deploy.0 = Release|Any CPU
	EndGlobalSection
	GlobalSection(SolutionProperties) = preSolution
		HideSolutionNode = FALSE
	EndGlobalSection
	GlobalSection(ExtensibilityGlobals) = postSolution
		SolutionGuid = {E9EFFE42-5059-4864-AA7D-F395BB1E4A91}
	EndGlobalSection
EndGlobal
